
Microsoft Visual Studio Solution File, Format Version 12.00
# Visual Studio Version 16
VisualStudioVersion = 16.0.29709.97
MinimumVisualStudioVersion = 10.0.40219.1
Project("{FAE04EC0-301F-11D3-BF4B-00C04F79EFBC}") = "MVC5Inclass8", "MVC5Inclass8.csproj", "{70F156BD-759E-4BE6-AC78-5C8E1380EA72}"
EndProject
Global
	GlobalSection(SolutionConfigurationPlatforms) = preSolution
		Debug|Any CPU = Debug|Any CPU
		Release|Any CPU = Release|Any CPU
	EndGlobalSection
	GlobalSection(ProjectConfigurationPlatforms) = postSolution
		{70F156BD-759E-4BE6-AC78-5C8E1380EA72}.Debug|Any CPU.ActiveCfg = Debug|Any CPU
		{70F156BD-759E-4BE6-AC78-5C8E1380EA72}.Debug|Any CPU.Build.0 = Debug|Any CPU
		{70F156BD-759E-4BE6-AC78-5C8E1380EA72}.Release|Any CPU.ActiveCfg = Release|Any CPU
		{70F156BD-759E-4BE6-AC78-5C8E1380EA72}.Release|Any CPU.Build.0 = Release|Any CPU
	EndGlobalSection
	GlobalSection(SolutionProperties) = preSolution
		HideSolutionNode = FALSE
	EndGlobalSection
	GlobalSection(ExtensibilityGlobals) = postSolution
		SolutionGuid = {09B28A81-0E44-416B-BB31-E968207C634F}
	EndGlobalSection
EndGlobal
